
Microsoft Visual Studio Solution File, Format Version 12.00
# Visual Studio Version 17
VisualStudioVersion = 17.0.31903.59
MinimumVisualStudioVersion = 10.0.40219.1
Project("{2150E333-8FDC-42A3-9474-1A3956D46DE8}") = "src", "src", "{827E0CD3-B72D-47B6-A68D-7590B98EB39B}"
EndProject
Project("{FAE04EC0-301F-11D3-BF4B-00C04F79EFBC}") = "TradingFlow.Alpaca", "src\TradingFlow.Alpaca\TradingFlow.Alpaca.csproj", "{949569AA-1C47-43B7-ACDA-AD500CC8884F}"
EndProject
Project("{FAE04EC0-301F-11D3-BF4B-00C04F79EFBC}") = "TradingFlow.Domain", "src\TradingFlow.Domain\TradingFlow.Domain.csproj", "{E9FDEBAA-E3D8-4D6C-B22F-58161736CE69}"
EndProject
Project("{FAE04EC0-301F-11D3-BF4B-00C04F79EFBC}") = "TradingFlow.Engine", "src\TradingFlow.Engine\TradingFlow.Engine.csproj", "{470BF9F2-0A80-4481-9DA8-7894E1295950}"
EndProject
Project("{FAE04EC0-301F-11D3-BF4B-00C04F79EFBC}") = "TradingFlow.Backtesting", "src\TradingFlow.Backtesting\TradingFlow.Backtesting.csproj", "{2E7F7B54-795A-4FF3-B455-96DB2772D15B}"
EndProject
Project("{FAE04EC0-301F-11D3-BF4B-00C04F79EFBC}") = "TradingFlow.Data", "src\TradingFlow.Data\TradingFlow.Data.csproj", "{2B74DA78-C404-47A3-8E2A-133D6EBDFD88}"
EndProject
Project("{FAE04EC0-301F-11D3-BF4B-00C04F79EFBC}") = "TradingFlow.Finviz", "src\TradingFlow.Finviz\TradingFlow.Finviz.csproj", "{22FA0999-FB48-49FD-BE68-EE2B56811FE7}"
EndProject
Project("{FAE04EC0-301F-11D3-BF4B-00C04F79EFBC}") = "TradingFlow.Cli", "src\TradingFlow.Cli\TradingFlow.Cli.csproj", "{6AD3A55C-17C6-466C-9E3B-E8668E26472E}"
EndProject
Project("{FAE04EC0-301F-11D3-BF4B-00C04F79EFBC}") = "TradingFlow.Tests", "src\TradingFlow.Tests\TradingFlow.Tests.csproj", "{A0EB5609-B69C-45AE-AF58-5D356B839A18}"
EndProject
Project("{FAE04EC0-301F-11D3-BF4B-00C04F79EFBC}") = "TradingFlow.Web", "src\TradingFlow.Web\TradingFlow.Web.csproj", "{C39749F3-B165-419A-B197-B223642C3393}"
EndProject
Project("{FAE04EC0-301F-11D3-BF4B-00C04F79EFBC}") = "TradingFlow.Mobile", "src\TradingFlow.Mobile\TradingFlow.Mobile.csproj", "{517A8978-455F-444B-BB3A-57C42646E05A}"
EndProject
Project("{FAE04EC0-301F-11D3-BF4B-00C04F79EFBC}") = "TradingFlow.WarmupService", "src\TradingFlow.WarmupService\TradingFlow.WarmupService.csproj", "{B751878D-6FCD-4D1D-AC26-B5B06A026E85}"
EndProject
Global
	GlobalSection(SolutionConfigurationPlatforms) = preSolution
		Debug|Any CPU = Debug|Any CPU
		Debug|x64 = Debug|x64
		Debug|x86 = Debug|x86
		Release|Any CPU = Release|Any CPU
		Release|x64 = Release|x64
		Release|x86 = Release|x86
	EndGlobalSection
	GlobalSection(ProjectConfigurationPlatforms) = postSolution
		{949569AA-1C47-43B7-ACDA-AD500CC8884F}.Debug|Any CPU.ActiveCfg = Debug|Any CPU
		{949569AA-1C47-43B7-ACDA-AD500CC8884F}.Debug|Any CPU.Build.0 = Debug|Any CPU
		{949569AA-1C47-43B7-ACDA-AD500CC8884F}.Debug|x64.ActiveCfg = Debug|Any CPU
		{949569AA-1C47-43B7-ACDA-AD500CC8884F}.Debug|x64.Build.0 = Debug|Any CPU
		{949569AA-1C47-43B7-ACDA-AD500CC8884F}.Debug|x86.ActiveCfg = Debug|Any CPU
		{949569AA-1C47-43B7-ACDA-AD500CC8884F}.Debug|x86.Build.0 = Debug|Any CPU
		{949569AA-1C47-43B7-ACDA-AD500CC8884F}.Release|Any CPU.ActiveCfg = Release|Any CPU
		{949569AA-1C47-43B7-ACDA-AD500CC8884F}.Release|Any CPU.Build.0 = Release|Any CPU
		{949569AA-1C47-43B7-ACDA-AD500CC8884F}.Release|x64.ActiveCfg = Release|Any CPU
		{949569AA-1C47-43B7-ACDA-AD500CC8884F}.Release|x64.Build.0 = Release|Any CPU
		{949569AA-1C47-43B7-ACDA-AD500CC8884F}.Release|x86.ActiveCfg = Release|Any CPU
		{949569AA-1C47-43B7-ACDA-AD500CC8884F}.Release|x86.Build.0 = Release|Any CPU
		{E9FDEBAA-E3D8-4D6C-B22F-58161736CE69}.Debug|Any CPU.ActiveCfg = Debug|Any CPU
		{E9FDEBAA-E3D8-4D6C-B22F-58161736CE69}.Debug|Any CPU.Build.0 = Debug|Any CPU
		{E9FDEBAA-E3D8-4D6C-B22F-58161736CE69}.Debug|x64.ActiveCfg = Debug|Any CPU
		{E9FDEBAA-E3D8-4D6C-B22F-58161736CE69}.Debug|x64.Build.0 = Debug|Any CPU
		{E9FDEBAA-E3D8-4D6C-B22F-58161736CE69}.Debug|x86.ActiveCfg = Debug|Any CPU
		{E9FDEBAA-E3D8-4D6C-B22F-58161736CE69}.Debug|x86.Build.0 = Debug|Any CPU
		{E9FDEBAA-E3D8-4D6C-B22F-58161736CE69}.Release|Any CPU.ActiveCfg = Release|Any CPU
		{E9FDEBAA-E3D8-4D6C-B22F-58161736CE69}.Release|Any CPU.Build.0 = Release|Any CPU
		{E9FDEBAA-E3D8-4D6C-B22F-58161736CE69}.Release|x64.ActiveCfg = Release|Any CPU
		{E9FDEBAA-E3D8-4D6C-B22F-58161736CE69}.Release|x64.Build.0 = Release|Any CPU
		{E9FDEBAA-E3D8-4D6C-B22F-58161736CE69}.Release|x86.ActiveCfg = Release|Any CPU
		{E9FDEBAA-E3D8-4D6C-B22F-58161736CE69}.Release|x86.Build.0 = Release|Any CPU
		{470BF9F2-0A80-4481-9DA8-7894E1295950}.Debug|Any CPU.ActiveCfg = Debug|Any CPU
		{470BF9F2-0A80-4481-9DA8-7894E1295950}.Debug|Any CPU.Build.0 = Debug|Any CPU
		{470BF9F2-0A80-4481-9DA8-7894E1295950}.Debug|x64.ActiveCfg = Debug|Any CPU
		{470BF9F2-0A80-4481-9DA8-7894E1295950}.Debug|x64.Build.0 = Debug|Any CPU
		{470BF9F2-0A80-4481-9DA8-7894E1295950}.Debug|x86.ActiveCfg = Debug|Any CPU
		{470BF9F2-0A80-4481-9DA8-7894E1295950}.Debug|x86.Build.0 = Debug|Any CPU
		{470BF9F2-0A80-4481-9DA8-7894E1295950}.Release|Any CPU.ActiveCfg = Release|Any CPU
		{470BF9F2-0A80-4481-9DA8-7894E1295950}.Release|Any CPU.Build.0 = Release|Any CPU
		{470BF9F2-0A80-4481-9DA8-7894E1295950}.Release|x64.ActiveCfg = Release|Any CPU
		{470BF9F2-0A80-4481-9DA8-7894E1295950}.Release|x64.Build.0 = Release|Any CPU
		{470BF9F2-0A80-4481-9DA8-7894E1295950}.Release|x86.ActiveCfg = Release|Any CPU
		{470BF9F2-0A80-4481-9DA8-7894E1295950}.Release|x86.Build.0 = Release|Any CPU
		{2E7F7B54-795A-4FF3-B455-96DB2772D15B}.Debug|Any CPU.ActiveCfg = Debug|Any CPU
		{2E7F7B54-795A-4FF3-B455-96DB2772D15B}.Debug|Any CPU.Build.0 = Debug|Any CPU
		{2E7F7B54-795A-4FF3-B455-96DB2772D15B}.Debug|x64.ActiveCfg = Debug|Any CPU
		{2E7F7B54-795A-4FF3-B455-96DB2772D15B}.Debug|x64.Build.0 = Debug|Any CPU
		{2E7F7B54-795A-4FF3-B455-96DB2772D15B}.Debug|x86.ActiveCfg = Debug|Any CPU
		{2E7F7B54-795A-4FF3-B455-96DB2772D15B}.Debug|x86.Build.0 = Debug|Any CPU
		{2E7F7B54-795A-4FF3-B455-96DB2772D15B}.Release|Any CPU.ActiveCfg = Release|Any CPU
		{2E7F7B54-795A-4FF3-B455-96DB2772D15B}.Release|Any CPU.Build.0 = Release|Any CPU
		{2E7F7B54-795A-4FF3-B455-96DB2772D15B}.Release|x64.ActiveCfg = Release|Any CPU
		{2E7F7B54-795A-4FF3-B455-96DB2772D15B}.Release|x64.Build.0 = Release|Any CPU
		{2E7F7B54-795A-4FF3-B455-96DB2772D15B}.Release|x86.ActiveCfg = Release|Any CPU
		{2E7F7B54-795A-4FF3-B455-96DB2772D15B}.Release|x86.Build.0 = Release|Any CPU
		{2B74DA78-C404-47A3-8E2A-133D6EBDFD88}.Debug|Any CPU.ActiveCfg = Debug|Any CPU
		{2B74DA78-C404-47A3-8E2A-133D6EBDFD88}.Debug|Any CPU.Build.0 = Debug|Any CPU
		{2B74DA78-C404-47A3-8E2A-133D6EBDFD88}.Debug|x64.ActiveCfg = Debug|Any CPU
		{2B74DA78-C404-47A3-8E2A-133D6EBDFD88}.Debug|x64.Build.0 = Debug|Any CPU
		{2B74DA78-C404-47A3-8E2A-133D6EBDFD88}.Debug|x86.ActiveCfg = Debug|Any CPU
		{2B74DA78-C404-47A3-8E2A-133D6EBDFD88}.Debug|x86.Build.0 = Debug|Any CPU
		{2B74DA78-C404-47A3-8E2A-133D6EBDFD88}.Release|Any CPU.ActiveCfg = Release|Any CPU
		{2B74DA78-C404-47A3-8E2A-133D6EBDFD88}.Release|Any CPU.Build.0 = Release|Any CPU
		{2B74DA78-C404-47A3-8E2A-133D6EBDFD88}.Release|x64.ActiveCfg = Release|Any CPU
		{2B74DA78-C404-47A3-8E2A-133D6EBDFD88}.Release|x64.Build.0 = Release|Any CPU
		{2B74DA78-C404-47A3-8E2A-133D6EBDFD88}.Release|x86.ActiveCfg = Release|Any CPU
		{2B74DA78-C404-47A3-8E2A-133D6EBDFD88}.Release|x86.Build.0 = Release|Any CPU
		{22FA0999-FB48-49FD-BE68-EE2B56811FE7}.Debug|Any CPU.ActiveCfg = Debug|Any CPU
		{22FA0999-FB48-49FD-BE68-EE2B56811FE7}.Debug|Any CPU.Build.0 = Debug|Any CPU
		{22FA0999-FB48-49FD-BE68-EE2B56811FE7}.Debug|x64.ActiveCfg = Debug|Any CPU
		{22FA0999-FB48-49FD-BE68-EE2B56811FE7}.Debug|x64.Build.0 = Debug|Any CPU
		{22FA0999-FB48-49FD-BE68-EE2B56811FE7}.Debug|x86.ActiveCfg = Debug|Any CPU
		{22FA0999-FB48-49FD-BE68-EE2B56811FE7}.Debug|x86.Build.0 = Debug|Any CPU
		{22FA0999-FB48-49FD-BE68-EE2B56811FE7}.Release|Any CPU.ActiveCfg = Release|Any CPU
		{22FA0999-FB48-49FD-BE68-EE2B56811FE7}.Release|Any CPU.Build.0 = Release|Any CPU
		{22FA0999-FB48-49FD-BE68-EE2B56811FE7}.Release|x64.ActiveCfg = Release|Any CPU
		{22FA0999-FB48-49FD-BE68-EE2B56811FE7}.Release|x64.Build.0 = Release|Any CPU
		{22FA0999-FB48-49FD-BE68-EE2B56811FE7}.Release|x86.ActiveCfg = Release|Any CPU
		{22FA0999-FB48-49FD-BE68-EE2B56811FE7}.Release|x86.Build.0 = Release|Any CPU
		{6AD3A55C-17C6-466C-9E3B-E8668E26472E}.Debug|Any CPU.ActiveCfg = Debug|Any CPU
		{6AD3A55C-17C6-466C-9E3B-E8668E26472E}.Debug|Any CPU.Build.0 = Debug|Any CPU
		{6AD3A55C-17C6-466C-9E3B-E8668E26472E}.Debug|x64.ActiveCfg = Debug|Any CPU
		{6AD3A55C-17C6-466C-9E3B-E8668E26472E}.Debug|x64.Build.0 = Debug|Any CPU
		{6AD3A55C-17C6-466C-9E3B-E8668E26472E}.Debug|x86.ActiveCfg = Debug|Any CPU
		{6AD3A55C-17C6-466C-9E3B-E8668E26472E}.Debug|x86.Build.0 = Debug|Any CPU
		{6AD3A55C-17C6-466C-9E3B-E8668E26472E}.Release|Any CPU.ActiveCfg = Release|Any CPU
		{6AD3A55C-17C6-466C-9E3B-E8668E26472E}.Release|Any CPU.Build.0 = Release|Any CPU
		{6AD3A55C-17C6-466C-9E3B-E8668E26472E}.Release|x64.ActiveCfg = Release|Any CPU
		{6AD3A55C-17C6-466C-9E3B-E8668E26472E}.Release|x64.Build.0 = Release|Any CPU
		{6AD3A55C-17C6-466C-9E3B-E8668E26472E}.Release|x86.ActiveCfg = Release|Any CPU
		{6AD3A55C-17C6-466C-9E3B-E8668E26472E}.Release|x86.Build.0 = Release|Any CPU
		{A0EB5609-B69C-45AE-AF58-5D356B839A18}.Debug|Any CPU.ActiveCfg = Debug|Any CPU
		{A0EB5609-B69C-45AE-AF58-5D356B839A18}.Debug|Any CPU.Build.0 = Debug|Any CPU
		{A0EB5609-B69C-45AE-AF58-5D356B839A18}.Debug|x64.ActiveCfg = Debug|Any CPU
		{A0EB5609-B69C-45AE-AF58-5D356B839A18}.Debug|x64.Build.0 = Debug|Any CPU
		{A0EB5609-B69C-45AE-AF58-5D356B839A18}.Debug|x86.ActiveCfg = Debug|Any CPU
		{A0EB5609-B69C-45AE-AF58-5D356B839A18}.Debug|x86.Build.0 = Debug|Any CPU
		{A0EB5609-B69C-45AE-AF58-5D356B839A18}.Release|Any CPU.ActiveCfg = Release|Any CPU
		{A0EB5609-B69C-45AE-AF58-5D356B839A18}.Release|Any CPU.Build.0 = Release|Any CPU
		{A0EB5609-B69C-45AE-AF58-5D356B839A18}.Release|x64.ActiveCfg = Release|Any CPU
		{A0EB5609-B69C-45AE-AF58-5D356B839A18}.Release|x64.Build.0 = Release|Any CPU
		{A0EB5609-B69C-45AE-AF58-5D356B839A18}.Release|x86.ActiveCfg = Release|Any CPU
		{A0EB5609-B69C-45AE-AF58-5D356B839A18}.Release|x86.Build.0 = Release|Any CPU
		{C39749F3-B165-419A-B197-B223642C3393}.Debug|Any CPU.ActiveCfg = Debug|Any CPU
		{C39749F3-B165-419A-B197-B223642C3393}.Debug|Any CPU.Build.0 = Debug|Any CPU
		{C39749F3-B165-419A-B197-B223642C3393}.Debug|x64.ActiveCfg = Debug|Any CPU
		{C39749F3-B165-419A-B197-B223642C3393}.Debug|x64.Build.0 = Debug|Any CPU
		{C39749F3-B165-419A-B197-B223642C3393}.Debug|x86.ActiveCfg = Debug|Any CPU
		{C39749F3-B165-419A-B197-B223642C3393}.Debug|x86.Build.0 = Debug|Any CPU
		{C39749F3-B165-419A-B197-B223642C3393}.Release|Any CPU.ActiveCfg = Release|Any CPU
		{C39749F3-B165-419A-B197-B223642C3393}.Release|Any CPU.Build.0 = Release|Any CPU
		{C39749F3-B165-419A-B197-B223642C3393}.Release|x64.ActiveCfg = Release|Any CPU
		{C39749F3-B165-419A-B197-B223642C3393}.Release|x64.Build.0 = Release|Any CPU
		{C39749F3-B165-419A-B197-B223642C3393}.Release|x86.ActiveCfg = Release|Any CPU
		{C39749F3-B165-419A-B197-B223642C3393}.Release|x86.Build.0 = Release|Any CPU
		{517A8978-455F-444B-BB3A-57C42646E05A}.Debug|Any CPU.ActiveCfg = Debug|Any CPU
		{517A8978-455F-444B-BB3A-57C42646E05A}.Debug|Any CPU.Build.0 = Debug|Any CPU
		{517A8978-455F-444B-BB3A-57C42646E05A}.Debug|x64.ActiveCfg = Debug|Any CPU
		{517A8978-455F-444B-BB3A-57C42646E05A}.Debug|x64.Build.0 = Debug|Any CPU
		{517A8978-455F-444B-BB3A-57C42646E05A}.Debug|x86.ActiveCfg = Debug|Any CPU
		{517A8978-455F-444B-BB3A-57C42646E05A}.Debug|x86.Build.0 = Debug|Any CPU
		{517A8978-455F-444B-BB3A-57C42646E05A}.Release|Any CPU.ActiveCfg = Release|Any CPU
		{517A8978-455F-444B-BB3A-57C42646E05A}.Release|Any CPU.Build.0 = Release|Any CPU
		{517A8978-455F-444B-BB3A-57C42646E05A}.Release|x64.ActiveCfg = Release|Any CPU
		{517A8978-455F-444B-BB3A-57C42646E05A}.Release|x64.Build.0 = Release|Any CPU
		{517A8978-455F-444B-BB3A-57C42646E05A}.Release|x86.ActiveCfg = Release|Any CPU
		{517A8978-455F-444B-BB3A-57C42646E05A}.Release|x86.Build.0 = Release|Any CPU
		{B751878D-6FCD-4D1D-AC26-B5B06A026E85}.Debug|Any CPU.ActiveCfg = Debug|Any CPU
		{B751878D-6FCD-4D1D-AC26-B5B06A026E85}.Debug|Any CPU.Build.0 = Debug|Any CPU
		{B751878D-6FCD-4D1D-AC26-B5B06A026E85}.Debug|x64.ActiveCfg = Debug|Any CPU
		{B751878D-6FCD-4D1D-AC26-B5B06A026E85}.Debug|x64.Build.0 = Debug|Any CPU
		{B751878D-6FCD-4D1D-AC26-B5B06A026E85}.Debug|x86.ActiveCfg = Debug|Any CPU
		{B751878D-6FCD-4D1D-AC26-B5B06A026E85}.Debug|x86.Build.0 = Debug|Any CPU
		{B751878D-6FCD-4D1D-AC26-B5B06A026E85}.Release|Any CPU.ActiveCfg = Release|Any CPU
		{B751878D-6FCD-4D1D-AC26-B5B06A026E85}.Release|Any CPU.Build.0 = Release|Any CPU
		{B751878D-6FCD-4D1D-AC26-B5B06A026E85}.Release|x64.ActiveCfg = Release|Any CPU
		{B751878D-6FCD-4D1D-AC26-B5B06A026E85}.Release|x64.Build.0 = Release|Any CPU
		{B751878D-6FCD-4D1D-AC26-B5B06A026E85}.Release|x86.ActiveCfg = Release|Any CPU
		{B751878D-6FCD-4D1D-AC26-B5B06A026E85}.Release|x86.Build.0 = Release|Any CPU
	EndGlobalSection
	GlobalSection(SolutionProperties) = preSolution
		HideSolutionNode = FALSE
	EndGlobalSection
	GlobalSection(NestedProjects) = preSolution
		{949569AA-1C47-43B7-ACDA-AD500CC8884F} = {827E0CD3-B72D-47B6-A68D-7590B98EB39B}
		{E9FDEBAA-E3D8-4D6C-B22F-58161736CE69} = {827E0CD3-B72D-47B6-A68D-7590B98EB39B}
		{470BF9F2-0A80-4481-9DA8-7894E1295950} = {827E0CD3-B72D-47B6-A68D-7590B98EB39B}
		{2E7F7B54-795A-4FF3-B455-96DB2772D15B} = {827E0CD3-B72D-47B6-A68D-7590B98EB39B}
		{2B74DA78-C404-47A3-8E2A-133D6EBDFD88} = {827E0CD3-B72D-47B6-A68D-7590B98EB39B}
		{22FA0999-FB48-49FD-BE68-EE2B56811FE7} = {827E0CD3-B72D-47B6-A68D-7590B98EB39B}
		{6AD3A55C-17C6-466C-9E3B-E8668E26472E} = {827E0CD3-B72D-47B6-A68D-7590B98EB39B}
		{A0EB5609-B69C-45AE-AF58-5D356B839A18} = {827E0CD3-B72D-47B6-A68D-7590B98EB39B}
		{C39749F3-B165-419A-B197-B223642C3393} = {827E0CD3-B72D-47B6-A68D-7590B98EB39B}
		{517A8978-455F-444B-BB3A-57C42646E05A} = {827E0CD3-B72D-47B6-A68D-7590B98EB39B}
		{B751878D-6FCD-4D1D-AC26-B5B06A026E85} = {827E0CD3-B72D-47B6-A68D-7590B98EB39B}
	EndGlobalSection
EndGlobal
